{
  "version": 4,
  "terraform_version": "1.11.3",
  "serial": 41,
  "lineage": "5cead5c9-95a8-dd93-7bea-c5e96019d26b",
  "outputs": {},
  "resources": [
    {
      "mode": "managed",
      "type": "local_file",
      "name": "metadata_example01",
      "provider": "provider[\"registry.terraform.io/hashicorp/local\"]",
      "instances": [
        {
          "schema_version": 0,
          "attributes": {
            "content": "first content",
            "content_base64": null,
            "content_base64sha256": "LNSDfHcm9wBHyP2vtSgB2/7yy097xM+y4EQZgPnUo7g=",
            "content_base64sha512": "0pkxuYPK28nqcmJKs5TtM4k9KgkvUAvetc+9/6UZ3ne42JzzaTlBgk5XCQaJEpcTNQZAVHElsKvGG35q07hqEQ==",
            "content_md5": "129a8c30e1c3ad89d2635f8abdfdb50b",
            "content_sha1": "041deb30e565b93956a8f03d557d32a32717f505",
            "content_sha256": "2cd4837c7726f70047c8fdafb52801dbfef2cb4f7bc4cfb2e0441980f9d4a3b8",
            "content_sha512": "d29931b983cadbc9ea72624ab394ed33893d2a092f500bdeb5cfbdffa519de77b8d89cf3693941824e57090689129713350640547125b0abc61b7e6ad3b86a11",
            "directory_permission": "0777",
            "file_permission": "0777",
            "filename": "./metadata_01.txt",
            "id": "041deb30e565b93956a8f03d557d32a32717f505",
            "sensitive_content": null,
            "source": null
          },
          "sensitive_attributes": [
            [
              {
                "type": "get_attr",
                "value": "sensitive_content"
              }
            ]
          ],
          "dependencies": [
            "local_file.metadata_example02"
          ]
        }
      ]
    },
    {
      "mode": "managed",
      "type": "local_file",
      "name": "metadata_example02",
      "provider": "provider[\"registry.terraform.io/hashicorp/local\"]",
      "instances": [
        {
          "index_key": 0,
          "schema_version": 0,
          "attributes": {
            "content": "second content 0",
            "content_base64": null,
            "content_base64sha256": "BX/ynd68ktLAGzotSEVkSlcrAhTEPn3ZuDBHHMMz7Tk=",
            "content_base64sha512": "X/VfusUX5KymOxQFwdq71DR2RszcRz4d/B3T12BFjbUjRpKhfl3D4dNOI6mNFr5F0iJ+YU/CcOkcSfAQpF/VKw==",
            "content_md5": "1fcf4c486900b86c7868834797f7cf04",
            "content_sha1": "6202ec71346dc2699508b8d5761d1d125e717670",
            "content_sha256": "057ff29ddebc92d2c01b3a2d4845644a572b0214c43e7dd9b830471cc333ed39",
            "content_sha512": "5ff55fbac517e4aca63b1405c1dabbd4347646ccdc473e1dfc1dd3d760458db5234692a17e5dc3e1d34e23a98d16be45d2227e614fc270e91c49f010a45fd52b",
            "directory_permission": "0777",
            "file_permission": "0777",
            "filename": "./metadata0.txt",
            "id": "6202ec71346dc2699508b8d5761d1d125e717670",
            "sensitive_content": null,
            "source": null
          },
          "sensitive_attributes": [
            [
              {
                "type": "get_attr",
                "value": "sensitive_content"
              }
            ]
          ]
        },
        {
          "index_key": 1,
          "schema_version": 0,
          "attributes": {
            "content": "second content 1",
            "content_base64": null,
            "content_base64sha256": "9yRFgUDNh1efRtpt1hOZj0mIec3VchgmN7StgnR4ogI=",
            "content_base64sha512": "3TOOd9SiHW1zLCNcwy5EGqZJQrW26xHOqvI7qEa30BXVdyEwXmWqumNpiXf/s/VMrIBmTom8vq/EwOW/JYY7gA==",
            "content_md5": "59a59b62bff92059d13860951c65b0db",
            "content_sha1": "c946cb0fa568b30334979311f6bb24d6b102b919",
            "content_sha256": "f724458140cd87579f46da6dd613998f498879cdd572182637b4ad827478a202",
            "content_sha512": "dd338e77d4a21d6d732c235cc32e441aa64942b5b6eb11ceaaf23ba846b7d015d57721305e65aaba63698977ffb3f54cac80664e89bcbeafc4c0e5bf25863b80",
            "directory_permission": "0777",
            "file_permission": "0777",
            "filename": "./metadata1.txt",
            "id": "c946cb0fa568b30334979311f6bb24d6b102b919",
            "sensitive_content": null,
            "source": null
          },
          "sensitive_attributes": [
            [
              {
                "type": "get_attr",
                "value": "sensitive_content"
              }
            ]
          ]
        },
        {
          "index_key": 2,
          "schema_version": 0,
          "attributes": {
            "content": "second content 2",
            "content_base64": null,
            "content_base64sha256": "HXCPgDRcYbAju17JcJAnREU370dGVSf3JbZRLG4l90c=",
            "content_base64sha512": "pa5Ubd2kgb38pe9B2Xn6CX7tgmMSkIGYDa27NQrwM/cpd1r4/8RYAuGGarJfJjfH51Xc7asnP70iuCQqUnnHtA==",
            "content_md5": "83eaaf3e0d8cfef782a7ffc98978256b",
            "content_sha1": "9d936f2f9e07dd4ca4efd6cb603961a72af84a67",
            "content_sha256": "1d708f80345c61b023bb5ec9709027444537ef47465527f725b6512c6e25f747",
            "content_sha512": "a5ae546ddda481bdfca5ef41d979fa097eed8263129081980dadbb350af033f729775af8ffc45802e1866ab25f2637c7e755dcedab273fbd22b8242a5279c7b4",
            "directory_permission": "0777",
            "file_permission": "0777",
            "filename": "./metadata2.txt",
            "id": "9d936f2f9e07dd4ca4efd6cb603961a72af84a67",
            "sensitive_content": null,
            "source": null
          },
          "sensitive_attributes": [
            [
              {
                "type": "get_attr",
                "value": "sensitive_content"
              }
            ]
          ]
        },
        {
          "index_key": 3,
          "schema_version": 0,
          "attributes": {
            "content": "second content 3",
            "content_base64": null,
            "content_base64sha256": "H8eJF/Kt/9781Obj8l6dkB8hi7nVXitGOdXIgWHPV3w=",
            "content_base64sha512": "BOv6p49WfNURCd9Jt3z4RIDEIiont5aeqRTO95llCJlEw+B0hthh3ozCkjVJZokqNwd7/QNgIkJEKvTKFUEl1w==",
            "content_md5": "e54c2e529715f09dfe7d50d1fff15cd4",
            "content_sha1": "3cef3ff65986328107cddb9dc4c3b0ac9a1fe782",
            "content_sha256": "1fc78917f2adffdefcd4e6e3f25e9d901f218bb9d55e2b4639d5c88161cf577c",
            "content_sha512": "04ebfaa78f567cd51109df49b77cf84480c4222a27b7969ea914cef79965089944c3e07486d861de8cc292354966892a37077bfd03602242442af4ca154125d7",
            "directory_permission": "0777",
            "file_permission": "0777",
            "filename": "./metadata3.txt",
            "id": "3cef3ff65986328107cddb9dc4c3b0ac9a1fe782",
            "sensitive_content": null,
            "source": null
          },
          "sensitive_attributes": [
            [
              {
                "type": "get_attr",
                "value": "sensitive_content"
              }
            ]
          ]
        },
        {
          "index_key": 4,
          "schema_version": 0,
          "attributes": {
            "content": "second content 4",
            "content_base64": null,
            "content_base64sha256": "RWpGeThCLm4vmLHez8tJoFWTwDZW+zwToPDdnz4sy94=",
            "content_base64sha512": "zmWdwqKyM3cjDbmZjIEZAvD1GQvtOgPcxQz32J8AjE48Y/sHGzf0/nl72tan8Sc8MC7Gubt7twyLVzyE2l9M8A==",
            "content_md5": "da0c997ba018e08cffc5a895c70de0e8",
            "content_sha1": "6eeabdff84fc3e6b5d3c014f5d7bc1a2a56c6c79",
            "content_sha256": "456a467938422e6e2f98b1decfcb49a05593c03656fb3c13a0f0dd9f3e2ccbde",
            "content_sha512": "ce659dc2a2b23377230db9998c811902f0f5190bed3a03dcc50cf7d89f008c4e3c63fb071b37f4fe797bdad6a7f1273c302ec6b9bb7bb70c8b573c84da5f4cf0",
            "directory_permission": "0777",
            "file_permission": "0777",
            "filename": "./metadata4.txt",
            "id": "6eeabdff84fc3e6b5d3c014f5d7bc1a2a56c6c79",
            "sensitive_content": null,
            "source": null
          },
          "sensitive_attributes": [
            [
              {
                "type": "get_attr",
                "value": "sensitive_content"
              }
            ]
          ]
        }
      ]
    },
    {
      "mode": "managed",
      "type": "local_file",
      "name": "metadata_example03",
      "provider": "provider[\"registry.terraform.io/hashicorp/local\"]",
      "instances": [
        {
          "index_key": "Maquina01",
          "schema_version": 0,
          "attributes": {
            "content": "third content Maquina01",
            "content_base64": null,
            "content_base64sha256": "nae8hE+l+q7+qRIz8tLyBhqr3g92Vh6sIdZgENZoNDM=",
            "content_base64sha512": "Z7toQ5INjSOIyABTh9X7gWeB/trNoefVaQi2RLVhbTOUKTwKGVf3Cdzj8nYw3Hd4JrHJ5vEOlpMGyMOCJIV1ag==",
            "content_md5": "12393964a5c00526930ffc5ab2499bfd",
            "content_sha1": "7c1b8aad8538369323aacb6a80d349f32bd25904",
            "content_sha256": "9da7bc844fa5faaefea91233f2d2f2061aabde0f76561eac21d66010d6683433",
            "content_sha512": "67bb6843920d8d2388c8005387d5fb816781fedacda1e7d56908b644b5616d3394293c0a1957f709dce3f27630dc777826b1c9e6f10e969306c8c3822485756a",
            "directory_permission": "0777",
            "file_permission": "0777",
            "filename": "./metadata_eachMaquina01.txt",
            "id": "7c1b8aad8538369323aacb6a80d349f32bd25904",
            "sensitive_content": null,
            "source": null
          },
          "sensitive_attributes": [
            [
              {
                "type": "get_attr",
                "value": "sensitive_content"
              }
            ]
          ]
        },
        {
          "index_key": "Maquina02",
          "schema_version": 0,
          "attributes": {
            "content": "third content Maquina02",
            "content_base64": null,
            "content_base64sha256": "1DexpH2vTd2fHzBKD+A4i8vy/ByYavRbOUpz9WIaF6c=",
            "content_base64sha512": "SlZrKUQMHiEjM3zj4SCv9v9fATS7KulMREYakmDGjF+3uf6RaRnFFKA8IlWfxtXmydBjrT95OAxlH0wR18bOaw==",
            "content_md5": "b415e8ccd1c5e0ed3d1871a46105aac6",
            "content_sha1": "70a5ef1e45de6c9441993fb006ac3fb30f4f2192",
            "content_sha256": "d437b1a47daf4ddd9f1f304a0fe0388bcbf2fc1c986af45b394a73f5621a17a7",
            "content_sha512": "4a566b29440c1e2123337ce3e120aff6ff5f0134bb2ae94c44461a9260c68c5fb7b9fe916919c514a03c22559fc6d5e6c9d063ad3f79380c651f4c11d7c6ce6b",
            "directory_permission": "0777",
            "file_permission": "0777",
            "filename": "./metadata_eachMaquina02.txt",
            "id": "70a5ef1e45de6c9441993fb006ac3fb30f4f2192",
            "sensitive_content": null,
            "source": null
          },
          "sensitive_attributes": [
            [
              {
                "type": "get_attr",
                "value": "sensitive_content"
              }
            ]
          ]
        },
        {
          "index_key": "Maquina03",
          "schema_version": 0,
          "attributes": {
            "content": "third content Maquina03",
            "content_base64": null,
            "content_base64sha256": "cvPHkZ1BZJ1+81QFxwJPMr6VUhce8yP8Nz2YVXGs4QU=",
            "content_base64sha512": "S7i+lBrjUUVaxxgiaVgTIWbOpswn6d9qD9Ardh62t761Kzh9DMwRmudi3BGPy+vDFlVaiKm9yjAdrZxppiKwhw==",
            "content_md5": "5379b524125cb937a1d67e67067092b4",
            "content_sha1": "de3d68b4de1478cbde62c36dc04f6ebed08c4520",
            "content_sha256": "72f3c7919d41649d7ef35405c7024f32be9552171ef323fc373d985571ace105",
            "content_sha512": "4bb8be941ae351455ac718226958132166cea6cc27e9df6a0fd02b761eb6b7beb52b387d0ccc119ae762dc118fcbebc316555a88a9bdca301dad9c69a622b087",
            "directory_permission": "0777",
            "file_permission": "0777",
            "filename": "./metadata_eachMaquina03.txt",
            "id": "de3d68b4de1478cbde62c36dc04f6ebed08c4520",
            "sensitive_content": null,
            "source": null
          },
          "sensitive_attributes": [
            [
              {
                "type": "get_attr",
                "value": "sensitive_content"
              }
            ]
          ]
        },
        {
          "index_key": "Maquina04",
          "schema_version": 0,
          "attributes": {
            "content": "third content Maquina04",
            "content_base64": null,
            "content_base64sha256": "Q4wl3IN5lNY22JvU35HPogXd4FkQfT7XsH9N+HS0bPc=",
            "content_base64sha512": "M51xrgfDfYEuIB8zKtfPOsODbmKEtBf1WgHZezEdiGZmXlXy0yFt/DG/E7+R5Ziz0FqXDzuTqq2J5PQUNDcNiA==",
            "content_md5": "3e8194dc79358f937bfec395f7d42148",
            "content_sha1": "30d7e37367e372e60cdb3727562dde881bfb297c",
            "content_sha256": "438c25dc837994d636d89bd4df91cfa205dde059107d3ed7b07f4df874b46cf7",
            "content_sha512": "339d71ae07c37d812e201f332ad7cf3ac3836e6284b417f55a01d97b311d8866665e55f2d3216dfc31bf13bf91e598b3d05a970f3b93aaad89e4f41434370d88",
            "directory_permission": "0777",
            "file_permission": "0777",
            "filename": "./metadata_eachMaquina04.txt",
            "id": "30d7e37367e372e60cdb3727562dde881bfb297c",
            "sensitive_content": null,
            "source": null
          },
          "sensitive_attributes": [
            [
              {
                "type": "get_attr",
                "value": "sensitive_content"
              }
            ]
          ]
        },
        {
          "index_key": "Maquina05",
          "schema_version": 0,
          "attributes": {
            "content": "third content Maquina05",
            "content_base64": null,
            "content_base64sha256": "D/+iXWU4IYA00+Nv9wPvCCbAr6EtOWywxumfM9VmQGg=",
            "content_base64sha512": "YXYqRe+o8UssArsfJBqA3Qfst4IvIAxOQlsWRG9BgM0gxHfGfFm2vahaawNdPt+CQAiCGBofrCxo508JrX8dNw==",
            "content_md5": "1d0dd49f210cf7579d1a0e0dbb749e10",
            "content_sha1": "ba286ac8547953755b4d8bb43f2b8e1a41a6f964",
            "content_sha256": "0fffa25d6538218034d3e36ff703ef0826c0afa12d396cb0c6e99f33d5664068",
            "content_sha512": "61762a45efa8f14b2c02bb1f241a80dd07ecb7822f200c4e425b16446f4180cd20c477c67c59b6bda85a6b035d3edf82400882181a1fac2c68e74f09ad7f1d37",
            "directory_permission": "0777",
            "file_permission": "0777",
            "filename": "./metadata_eachMaquina05.txt",
            "id": "ba286ac8547953755b4d8bb43f2b8e1a41a6f964",
            "sensitive_content": null,
            "source": null
          },
          "sensitive_attributes": [
            [
              {
                "type": "get_attr",
                "value": "sensitive_content"
              }
            ]
          ]
        }
      ]
    }
  ],
  "check_results": null
}
