{
  "version": 4,
  "terraform_version": "1.11.3",
  "serial": 35,
  "lineage": "5cead5c9-95a8-dd93-7bea-c5e96019d26b",
  "outputs": {},
  "resources": [
    {
      "mode": "managed",
      "type": "local_file",
      "name": "metadata_example01",
      "provider": "provider[\"registry.terraform.io/hashicorp/local\"]",
      "instances": [
        {
          "schema_version": 0,
          "attributes": {
            "content": "first content",
            "content_base64": null,
            "content_base64sha256": "LNSDfHcm9wBHyP2vtSgB2/7yy097xM+y4EQZgPnUo7g=",
            "content_base64sha512": "0pkxuYPK28nqcmJKs5TtM4k9KgkvUAvetc+9/6UZ3ne42JzzaTlBgk5XCQaJEpcTNQZAVHElsKvGG35q07hqEQ==",
            "content_md5": "129a8c30e1c3ad89d2635f8abdfdb50b",
            "content_sha1": "041deb30e565b93956a8f03d557d32a32717f505",
            "content_sha256": "2cd4837c7726f70047c8fdafb52801dbfef2cb4f7bc4cfb2e0441980f9d4a3b8",
            "content_sha512": "d29931b983cadbc9ea72624ab394ed33893d2a092f500bdeb5cfbdffa519de77b8d89cf3693941824e57090689129713350640547125b0abc61b7e6ad3b86a11",
            "directory_permission": "0777",
            "file_permission": "0777",
            "filename": "./metadata_01.txt",
            "id": "041deb30e565b93956a8f03d557d32a32717f505",
            "sensitive_content": null,
            "source": null
          },
          "sensitive_attributes": [
            [
              {
                "type": "get_attr",
                "value": "sensitive_content"
              }
            ]
          ],
          "dependencies": [
            "local_file.metadata_example02"
          ]
        }
      ]
    },
    {
      "mode": "managed",
      "type": "local_file",
      "name": "metadata_example02",
      "provider": "provider[\"registry.terraform.io/hashicorp/local\"]",
      "instances": [
        {
          "index_key": 0,
          "schema_version": 0,
          "attributes": {
            "content": "second content 0",
            "content_base64": null,
            "content_base64sha256": "BX/ynd68ktLAGzotSEVkSlcrAhTEPn3ZuDBHHMMz7Tk=",
            "content_base64sha512": "X/VfusUX5KymOxQFwdq71DR2RszcRz4d/B3T12BFjbUjRpKhfl3D4dNOI6mNFr5F0iJ+YU/CcOkcSfAQpF/VKw==",
            "content_md5": "1fcf4c486900b86c7868834797f7cf04",
            "content_sha1": "6202ec71346dc2699508b8d5761d1d125e717670",
            "content_sha256": "057ff29ddebc92d2c01b3a2d4845644a572b0214c43e7dd9b830471cc333ed39",
            "content_sha512": "5ff55fbac517e4aca63b1405c1dabbd4347646ccdc473e1dfc1dd3d760458db5234692a17e5dc3e1d34e23a98d16be45d2227e614fc270e91c49f010a45fd52b",
            "directory_permission": "0777",
            "file_permission": "0777",
            "filename": "./metadata0.txt",
            "id": "6202ec71346dc2699508b8d5761d1d125e717670",
            "sensitive_content": null,
            "source": null
          },
          "sensitive_attributes": [
            [
              {
                "type": "get_attr",
                "value": "sensitive_content"
              }
            ]
          ]
        },
        {
          "index_key": 1,
          "schema_version": 0,
          "attributes": {
            "content": "second content 1",
            "content_base64": null,
            "content_base64sha256": "9yRFgUDNh1efRtpt1hOZj0mIec3VchgmN7StgnR4ogI=",
            "content_base64sha512": "3TOOd9SiHW1zLCNcwy5EGqZJQrW26xHOqvI7qEa30BXVdyEwXmWqumNpiXf/s/VMrIBmTom8vq/EwOW/JYY7gA==",
            "content_md5": "59a59b62bff92059d13860951c65b0db",
            "content_sha1": "c946cb0fa568b30334979311f6bb24d6b102b919",
            "content_sha256": "f724458140cd87579f46da6dd613998f498879cdd572182637b4ad827478a202",
            "content_sha512": "dd338e77d4a21d6d732c235cc32e441aa64942b5b6eb11ceaaf23ba846b7d015d57721305e65aaba63698977ffb3f54cac80664e89bcbeafc4c0e5bf25863b80",
            "directory_permission": "0777",
            "file_permission": "0777",
            "filename": "./metadata1.txt",
            "id": "c946cb0fa568b30334979311f6bb24d6b102b919",
            "sensitive_content": null,
            "source": null
          },
          "sensitive_attributes": [
            [
              {
                "type": "get_attr",
                "value": "sensitive_content"
              }
            ]
          ]
        },
        {
          "index_key": 2,
          "schema_version": 0,
          "attributes": {
            "content": "second content 2",
            "content_base64": null,
            "content_base64sha256": "HXCPgDRcYbAju17JcJAnREU370dGVSf3JbZRLG4l90c=",
            "content_base64sha512": "pa5Ubd2kgb38pe9B2Xn6CX7tgmMSkIGYDa27NQrwM/cpd1r4/8RYAuGGarJfJjfH51Xc7asnP70iuCQqUnnHtA==",
            "content_md5": "83eaaf3e0d8cfef782a7ffc98978256b",
            "content_sha1": "9d936f2f9e07dd4ca4efd6cb603961a72af84a67",
            "content_sha256": "1d708f80345c61b023bb5ec9709027444537ef47465527f725b6512c6e25f747",
            "content_sha512": "a5ae546ddda481bdfca5ef41d979fa097eed8263129081980dadbb350af033f729775af8ffc45802e1866ab25f2637c7e755dcedab273fbd22b8242a5279c7b4",
            "directory_permission": "0777",
            "file_permission": "0777",
            "filename": "./metadata2.txt",
            "id": "9d936f2f9e07dd4ca4efd6cb603961a72af84a67",
            "sensitive_content": null,
            "source": null
          },
          "sensitive_attributes": [
            [
              {
                "type": "get_attr",
                "value": "sensitive_content"
              }
            ]
          ]
        },
        {
          "index_key": 3,
          "schema_version": 0,
          "attributes": {
            "content": "second content 3",
            "content_base64": null,
            "content_base64sha256": "H8eJF/Kt/9781Obj8l6dkB8hi7nVXitGOdXIgWHPV3w=",
            "content_base64sha512": "BOv6p49WfNURCd9Jt3z4RIDEIiont5aeqRTO95llCJlEw+B0hthh3ozCkjVJZokqNwd7/QNgIkJEKvTKFUEl1w==",
            "content_md5": "e54c2e529715f09dfe7d50d1fff15cd4",
            "content_sha1": "3cef3ff65986328107cddb9dc4c3b0ac9a1fe782",
            "content_sha256": "1fc78917f2adffdefcd4e6e3f25e9d901f218bb9d55e2b4639d5c88161cf577c",
            "content_sha512": "04ebfaa78f567cd51109df49b77cf84480c4222a27b7969ea914cef79965089944c3e07486d861de8cc292354966892a37077bfd03602242442af4ca154125d7",
            "directory_permission": "0777",
            "file_permission": "0777",
            "filename": "./metadata3.txt",
            "id": "3cef3ff65986328107cddb9dc4c3b0ac9a1fe782",
            "sensitive_content": null,
            "source": null
          },
          "sensitive_attributes": [
            [
              {
                "type": "get_attr",
                "value": "sensitive_content"
              }
            ]
          ]
        },
        {
          "index_key": 4,
          "schema_version": 0,
          "attributes": {
            "content": "second content 4",
            "content_base64": null,
            "content_base64sha256": "RWpGeThCLm4vmLHez8tJoFWTwDZW+zwToPDdnz4sy94=",
            "content_base64sha512": "zmWdwqKyM3cjDbmZjIEZAvD1GQvtOgPcxQz32J8AjE48Y/sHGzf0/nl72tan8Sc8MC7Gubt7twyLVzyE2l9M8A==",
            "content_md5": "da0c997ba018e08cffc5a895c70de0e8",
            "content_sha1": "6eeabdff84fc3e6b5d3c014f5d7bc1a2a56c6c79",
            "content_sha256": "456a467938422e6e2f98b1decfcb49a05593c03656fb3c13a0f0dd9f3e2ccbde",
            "content_sha512": "ce659dc2a2b23377230db9998c811902f0f5190bed3a03dcc50cf7d89f008c4e3c63fb071b37f4fe797bdad6a7f1273c302ec6b9bb7bb70c8b573c84da5f4cf0",
            "directory_permission": "0777",
            "file_permission": "0777",
            "filename": "./metadata4.txt",
            "id": "6eeabdff84fc3e6b5d3c014f5d7bc1a2a56c6c79",
            "sensitive_content": null,
            "source": null
          },
          "sensitive_attributes": [
            [
              {
                "type": "get_attr",
                "value": "sensitive_content"
              }
            ]
          ]
        }
      ]
    }
  ],
  "check_results": null
}
